
Microsoft Visual Studio Solution File, Format Version 12.00
# Visual Studio Version 16
VisualStudioVersion = 16.0.30406.217
MinimumVisualStudioVersion = 10.0.40219.1
Project("{FAE04EC0-301F-11D3-BF4B-00C04F79EFBC}") = "Decryption-Encryption Tool", "Encryption Decryption Tool\Decryption-Encryption Tool.csproj", "{F2A520A9-36DC-48C3-A344-4A842903E71A}"
EndProject
Project("{FAE04EC0-301F-11D3-BF4B-00C04F79EFBC}") = "TransactionTestTool", "TransactionTest Tool\TransactionTestTool.csproj", "{3FFE8655-1587-4B51-8C02-55255A90658D}"
EndProject
Project("{FAE04EC0-301F-11D3-BF4B-00C04F79EFBC}") = "Decryption-Encryption-Core", "Decryption-Encryption-Core\Decryption-Encryption-Core.csproj", "{20A75422-1F86-4A12-B5AF-1A617B2A5ED0}"
EndProject
Global
	GlobalSection(SolutionConfigurationPlatforms) = preSolution
		Debug|Any CPU = Debug|Any CPU
		Release|Any CPU = Release|Any CPU
	EndGlobalSection
	GlobalSection(ProjectConfigurationPlatforms) = postSolution
		{F2A520A9-36DC-48C3-A344-4A842903E71A}.Debug|Any CPU.ActiveCfg = Debug|Any CPU
		{F2A520A9-36DC-48C3-A344-4A842903E71A}.Debug|Any CPU.Build.0 = Debug|Any CPU
		{F2A520A9-36DC-48C3-A344-4A842903E71A}.Release|Any CPU.ActiveCfg = Release|Any CPU
		{F2A520A9-36DC-48C3-A344-4A842903E71A}.Release|Any CPU.Build.0 = Release|Any CPU
		{3FFE8655-1587-4B51-8C02-55255A90658D}.Debug|Any CPU.ActiveCfg = Debug|Any CPU
		{3FFE8655-1587-4B51-8C02-55255A90658D}.Debug|Any CPU.Build.0 = Debug|Any CPU
		{3FFE8655-1587-4B51-8C02-55255A90658D}.Release|Any CPU.ActiveCfg = Release|Any CPU
		{3FFE8655-1587-4B51-8C02-55255A90658D}.Release|Any CPU.Build.0 = Release|Any CPU
		{20A75422-1F86-4A12-B5AF-1A617B2A5ED0}.Debug|Any CPU.ActiveCfg = Debug|Any CPU
		{20A75422-1F86-4A12-B5AF-1A617B2A5ED0}.Debug|Any CPU.Build.0 = Debug|Any CPU
		{20A75422-1F86-4A12-B5AF-1A617B2A5ED0}.Release|Any CPU.ActiveCfg = Release|Any CPU
		{20A75422-1F86-4A12-B5AF-1A617B2A5ED0}.Release|Any CPU.Build.0 = Release|Any CPU
	EndGlobalSection
	GlobalSection(SolutionProperties) = preSolution
		HideSolutionNode = FALSE
	EndGlobalSection
	GlobalSection(ExtensibilityGlobals) = postSolution
		SolutionGuid = {DFE96C25-3D99-4133-A230-EC111AF9EDB1}
	EndGlobalSection
EndGlobal
