
Microsoft Visual Studio Solution File, Format Version 12.00
# Visual Studio Version 17
VisualStudioVersion = 17.1.32210.238
MinimumVisualStudioVersion = 10.0.40219.1
Project("{2150E333-8FDC-42A3-9474-1A3956D46DE8}") = "01-Infrastructure", "01-Infrastructure", "{27E4F19F-DA14-47DC-B18B-B8D04A9931EF}"
EndProject
Project("{2150E333-8FDC-42A3-9474-1A3956D46DE8}") = "02-Domain Model", "02-Domain Model", "{BBD4F1C6-F410-489A-B7A2-BC04E2AE43D7}"
EndProject
Project("{2150E333-8FDC-42A3-9474-1A3956D46DE8}") = "03-Persistence", "03-Persistence", "{DD5A2811-9BBB-471C-B5AB-CF7024A058E3}"
EndProject
Project("{2150E333-8FDC-42A3-9474-1A3956D46DE8}") = "04-Services", "04-Services", "{36DD415B-BC21-4B6C-86F8-8F23A08FF37C}"
EndProject
Project("{2150E333-8FDC-42A3-9474-1A3956D46DE8}") = "05-Presentation", "05-Presentation", "{B8049A1C-D610-4B22-8774-83F83813A5DC}"
EndProject
Project("{2150E333-8FDC-42A3-9474-1A3956D46DE8}") = "00-Lib", "00-Lib", "{EC411938-A84B-453F-AF13-C0E25469BA90}"
	ProjectSection(SolutionItems) = preProject
		..\..\lib\AjaxMin.dll = ..\..\lib\AjaxMin.dll
		..\..\lib\Antlr3.Runtime.dll = ..\..\lib\Antlr3.Runtime.dll
		..\..\lib\AutoMapper.dll = ..\..\lib\AutoMapper.dll
		..\..\lib\CASClient.dll = ..\..\lib\CASClient.dll
		..\..\lib\Castle.Core.dll = ..\..\lib\Castle.Core.dll
		..\..\lib\Castle.Facilities.WcfIntegration.dll = ..\..\lib\Castle.Facilities.WcfIntegration.dll
		..\..\lib\Castle.Windsor.dll = ..\..\lib\Castle.Windsor.dll
		..\..\lib\ClientLibrary.dll = ..\..\lib\ClientLibrary.dll
		..\..\lib\dotless.Core.dll = ..\..\lib\dotless.Core.dll
		..\..\lib\EntLibContrib.Data.MySql.dll = ..\..\lib\EntLibContrib.Data.MySql.dll
		..\..\lib\FabricCommon.dll = ..\..\lib\FabricCommon.dll
		..\..\lib\Fasterflect.dll = ..\..\lib\Fasterflect.dll
		..\..\lib\FluentNHibernate.dll = ..\..\lib\FluentNHibernate.dll
		..\..\lib\Iesi.Collections.dll = ..\..\lib\Iesi.Collections.dll
		..\..\lib\log4net.dll = ..\..\lib\log4net.dll
		..\..\lib\Microsoft.ApplicationServer.Caching.Client.dll = ..\..\lib\Microsoft.ApplicationServer.Caching.Client.dll
		..\..\lib\Microsoft.ApplicationServer.Caching.Core.dll = ..\..\lib\Microsoft.ApplicationServer.Caching.Core.dll
		..\..\lib\Microsoft.Practices.EnterpriseLibrary.Common.dll = ..\..\lib\Microsoft.Practices.EnterpriseLibrary.Common.dll
		..\..\lib\Microsoft.Practices.EnterpriseLibrary.Data.dll = ..\..\lib\Microsoft.Practices.EnterpriseLibrary.Data.dll
		..\..\lib\Microsoft.Practices.EnterpriseLibrary.ExceptionHandling.dll = ..\..\lib\Microsoft.Practices.EnterpriseLibrary.ExceptionHandling.dll
		..\..\lib\Microsoft.Practices.ServiceLocation.dll = ..\..\lib\Microsoft.Practices.ServiceLocation.dll
		..\..\lib\Microsoft.Practices.Unity.Configuration.dll = ..\..\lib\Microsoft.Practices.Unity.Configuration.dll
		..\..\lib\Microsoft.Practices.Unity.dll = ..\..\lib\Microsoft.Practices.Unity.dll
		..\..\lib\Microsoft.Practices.Unity.Interception.Configuration.dll = ..\..\lib\Microsoft.Practices.Unity.Interception.Configuration.dll
		..\..\lib\Microsoft.Practices.Unity.Interception.dll = ..\..\lib\Microsoft.Practices.Unity.Interception.dll
		..\..\lib\Moq.dll = ..\..\lib\Moq.dll
		..\..\lib\MvcContrib.Castle.dll = ..\..\lib\MvcContrib.Castle.dll
		..\..\lib\MvcContrib.dll = ..\..\lib\MvcContrib.dll
		..\..\lib\MvcContrib.FluentHtml.dll = ..\..\lib\MvcContrib.FluentHtml.dll
		..\..\lib\MvcContrib.WatiN.dll = ..\..\lib\MvcContrib.WatiN.dll
		..\..\lib\MvcSiteMapProvider.dll = ..\..\lib\MvcSiteMapProvider.dll
		..\..\lib\MySql.Data.CF.dll = ..\..\lib\MySql.Data.CF.dll
		..\..\lib\MySql.Data.dll = ..\..\lib\MySql.Data.dll
		..\..\lib\MySql.Data.Entity.dll = ..\..\lib\MySql.Data.Entity.dll
		..\..\lib\MySql.Web.dll = ..\..\lib\MySql.Web.dll
		..\..\lib\NHibernate.ByteCode.Castle.dll = ..\..\lib\NHibernate.ByteCode.Castle.dll
		..\..\lib\NHibernate.Caches.Velocity.dll = ..\..\lib\NHibernate.Caches.Velocity.dll
		..\..\lib\Remotion.Data.Linq.dll = ..\..\lib\Remotion.Data.Linq.dll
		..\..\lib\Renci.SshNet.dll = ..\..\lib\Renci.SshNet.dll
		..\..\lib\System.Net.IPNetwork.dll = ..\..\lib\System.Net.IPNetwork.dll
		..\..\lib\Wintellect.Threading.dll = ..\..\lib\Wintellect.Threading.dll
	EndProjectSection
EndProject
Project("{2150E333-8FDC-42A3-9474-1A3956D46DE8}") = "Administration", "Administration", "{B3057348-97F6-45E9-8B9F-5BC261F1070E}"
EndProject
Project("{2150E333-8FDC-42A3-9474-1A3956D46DE8}") = "04.1-Integration", "04.1-Integration", "{EC93711B-248C-427A-A98A-8EC570E36312}"
EndProject
Project("{9A19103F-16F7-4668-BE54-9A1E7A4F7556}") = "ArabyAds.AdFalcon.Domain", "ArabyAds.AdFalcon.Domain\ArabyAds.AdFalcon.Domain.csproj", "{DF4DFEDD-0F98-45DD-BE73-951FC014AAA5}"
EndProject
Project("{9A19103F-16F7-4668-BE54-9A1E7A4F7556}") = "ArabyAds.AdFalcon.Persistence", "ArabyAds.AdFalcon.Repositories\ArabyAds.AdFalcon.Persistence.csproj", "{FAC4CF79-1413-49DE-ADF7-71878CEA8CE9}"
EndProject
Project("{9A19103F-16F7-4668-BE54-9A1E7A4F7556}") = "ArabyAds.AdFalcon.Services.Interfaces", "ArabyAds.AdFalcon.Services.Interfaces\ArabyAds.AdFalcon.Services.Interfaces.csproj", "{C26F3A2D-1EEC-4567-9D1C-D8AE5834D83F}"
EndProject
Project("{9A19103F-16F7-4668-BE54-9A1E7A4F7556}") = "ArabyAds.AdFalcon.Services", "ArabyAds.AdFalcon.Services\ArabyAds.AdFalcon.Services.csproj", "{0C912539-7606-4822-8765-ABC87145248A}"
EndProject
Project("{9A19103F-16F7-4668-BE54-9A1E7A4F7556}") = "ArabyAds.AdFalcon.Common", "ArabyAds.AdFalcon.Common\ArabyAds.AdFalcon.Common.csproj", "{DC961A65-F217-4C17-8DEE-DEC452AD6BF1}"
EndProject
Project("{9A19103F-16F7-4668-BE54-9A1E7A4F7556}") = "ArabyAds.AdFalcon.Common.Web", "ArabyAds.AdFalcon.Common.Web\ArabyAds.AdFalcon.Common.Web.csproj", "{362C0976-69A9-4E53-98C2-3A4A8028FD3B}"
EndProject
Project("{9A19103F-16F7-4668-BE54-9A1E7A4F7556}") = "ArabyAds.AdFalcon.Exceptions", "ArabyAds.AdFalcon.Domain.Exceptions\ArabyAds.AdFalcon.Exceptions.csproj", "{50286B2D-5A0B-4F57-8CBB-7CC1C9A6C64F}"
EndProject
Project("{9A19103F-16F7-4668-BE54-9A1E7A4F7556}") = "ArabyAds.AdFalcon.Persistence.Reports", "ArabyAds.AdFalcon.Persistance\ArabyAds.AdFalcon.Persistence.Reports.csproj", "{AB8C2371-BB5C-42C5-8B59-EC6D40FC82B1}"
EndProject
Project("{9A19103F-16F7-4668-BE54-9A1E7A4F7556}") = "ArabyAds.AdFalcon.AdServer.Integration", "ArabyAds.AdFalcon.AdServer.Integration\ArabyAds.AdFalcon.AdServer.Integration.csproj", "{9FC900CA-99DA-467A-8497-4EB76A81FC6C}"
EndProject
Project("{2150E333-8FDC-42A3-9474-1A3956D46DE8}") = "Solution Items", "Solution Items", "{6040D2BB-AB5E-4246-893B-CFACC94AA6E6}"
	ProjectSection(SolutionItems) = preProject
		SolutionInfo.cs = SolutionInfo.cs
	EndProjectSection
EndProject
Project("{2150E333-8FDC-42A3-9474-1A3956D46DE8}") = "API", "API", "{42AB9ADC-93B5-40F1-B9EE-77CC2C606E7A}"
EndProject
Project("{9A19103F-16F7-4668-BE54-9A1E7A4F7556}") = "ArabyAds.AdFalcon.Persistence.ReportsGP", "ArabyAds.AdFalcon.Persistance.GP\ArabyAds.AdFalcon.Persistence.ReportsGP.csproj", "{6798574D-36F9-4DAA-859A-F531A0B17C0B}"
EndProject
Project("{9A19103F-16F7-4668-BE54-9A1E7A4F7556}") = "ArabyAds.AdFalcon.Domain.Common", "ArabyAds.AdFalcon.Domain.Common\ArabyAds.AdFalcon.Domain.Common.csproj", "{FE62B4E8-9278-4B6F-B0E9-67495D74CB22}"
EndProject
Project("{9A19103F-16F7-4668-BE54-9A1E7A4F7556}") = "ArabyAds.AdFalcon.Base", "ArabyAds.AdFalcon.Base\ArabyAds.AdFalcon.Base.csproj", "{18B45557-CDEA-4FD5-AEEC-95E4BAC5F6D0}"
EndProject
Project("{9A19103F-16F7-4668-BE54-9A1E7A4F7556}") = "ArabyAds.AdFalcon.Web.Controllers.Core", "ArabyAds.AdFalcon.Web.Controllers.Core\ArabyAds.AdFalcon.Web.Controllers.Core.csproj", "{6627EB2F-6AE1-4644-B60B-FC642A600477}"
EndProject
Project("{9A19103F-16F7-4668-BE54-9A1E7A4F7556}") = "ArabyAds.AdFalcon.Web.Core", "ArabyAds.AdFalcon.Web.Core\ArabyAds.AdFalcon.Web.Core.csproj", "{6F61D214-F298-4F19-B9F4-A07B7A436815}"
EndProject
Project("{9A19103F-16F7-4668-BE54-9A1E7A4F7556}") = "ArabyAds.AdFalcon.Administration.Web.Controllers.Core", "ArabyAds.AdFalcon.Administration.Web.Controllers.Core\ArabyAds.AdFalcon.Administration.Web.Controllers.Core.csproj", "{B8ACF060-A76E-4FBF-8888-708C493A522D}"
EndProject
Project("{9A19103F-16F7-4668-BE54-9A1E7A4F7556}") = "ArabyAds.AdFalcon.Common.Grpc", "ArabyAds.AdFalcon.Common.Grpc\ArabyAds.AdFalcon.Common.Grpc.csproj", "{FF1F51AB-C95D-4459-B1DB-FB5DE18FDC7E}"
EndProject
Project("{9A19103F-16F7-4668-BE54-9A1E7A4F7556}") = "ArabyAds.AdFalcon.Administration.Web.Core", "ArabyAds.AdFalcon.Administration.Web.Core\ArabyAds.AdFalcon.Administration.Web.Core.csproj", "{822A08C4-151A-4777-AE3A-7F4265C1629F}"
EndProject
Project("{9A19103F-16F7-4668-BE54-9A1E7A4F7556}") = "ArabyAds.AdFalcon.API.Controllers.Core", "ArabyAds.AdFalcon.API.Controllers.Core\ArabyAds.AdFalcon.API.Controllers.Core.csproj", "{5A4B33E0-C21D-4FF5-BA82-854B3D247396}"
EndProject
Project("{9A19103F-16F7-4668-BE54-9A1E7A4F7556}") = "ArabyAds.AdFalcon.API.Core", "ArabyAds.AdFalcon.API.Core\ArabyAds.AdFalcon.API.Core.csproj", "{02ED799D-06CC-4E16-A4BC-00E05985F9D0}"
EndProject
Project("{9A19103F-16F7-4668-BE54-9A1E7A4F7556}") = "ArabyAds.AdFalcon.Web.React", "ArabyAds.AdFalcon.Web.React\ArabyAds.AdFalcon.Web.React.csproj", "{A6E9DBFB-E880-44AD-8170-02D85729D016}"
EndProject
Project("{9A19103F-16F7-4668-BE54-9A1E7A4F7556}") = "ArabyAds.AdFalcon.Server.Integration.Services", "ArabyAds.AdFalcon.Server.Integration.Services\ArabyAds.AdFalcon.Server.Integration.Services.csproj", "{E5A59969-880F-4F69-9B1A-478189B8028F}"
EndProject
Global
	GlobalSection(SolutionConfigurationPlatforms) = preSolution
		Debug|Any CPU = Debug|Any CPU
		Debug|Mixed Platforms = Debug|Mixed Platforms
		Debug|x64 = Debug|x64
		Debug|x86 = Debug|x86
		Release|Any CPU = Release|Any CPU
		Release|Mixed Platforms = Release|Mixed Platforms
		Release|x64 = Release|x64
		Release|x86 = Release|x86
		WebBuild|Any CPU = WebBuild|Any CPU
		WebBuild|Mixed Platforms = WebBuild|Mixed Platforms
		WebBuild|x64 = WebBuild|x64
		WebBuild|x86 = WebBuild|x86
	EndGlobalSection
	GlobalSection(ProjectConfigurationPlatforms) = postSolution
		{DF4DFEDD-0F98-45DD-BE73-951FC014AAA5}.Debug|Any CPU.ActiveCfg = Debug|Any CPU
		{DF4DFEDD-0F98-45DD-BE73-951FC014AAA5}.Debug|Any CPU.Build.0 = Debug|Any CPU
		{DF4DFEDD-0F98-45DD-BE73-951FC014AAA5}.Debug|Mixed Platforms.ActiveCfg = Debug|Any CPU
		{DF4DFEDD-0F98-45DD-BE73-951FC014AAA5}.Debug|Mixed Platforms.Build.0 = Debug|Any CPU
		{DF4DFEDD-0F98-45DD-BE73-951FC014AAA5}.Debug|x64.ActiveCfg = Debug|Any CPU
		{DF4DFEDD-0F98-45DD-BE73-951FC014AAA5}.Debug|x64.Build.0 = Debug|Any CPU
		{DF4DFEDD-0F98-45DD-BE73-951FC014AAA5}.Debug|x86.ActiveCfg = Debug|Any CPU
		{DF4DFEDD-0F98-45DD-BE73-951FC014AAA5}.Release|Any CPU.ActiveCfg = Release|Any CPU
		{DF4DFEDD-0F98-45DD-BE73-951FC014AAA5}.Release|Any CPU.Build.0 = Release|Any CPU
		{DF4DFEDD-0F98-45DD-BE73-951FC014AAA5}.Release|Mixed Platforms.ActiveCfg = Release|Any CPU
		{DF4DFEDD-0F98-45DD-BE73-951FC014AAA5}.Release|Mixed Platforms.Build.0 = Release|Any CPU
		{DF4DFEDD-0F98-45DD-BE73-951FC014AAA5}.Release|x64.ActiveCfg = Release|Any CPU
		{DF4DFEDD-0F98-45DD-BE73-951FC014AAA5}.Release|x64.Build.0 = Release|Any CPU
		{DF4DFEDD-0F98-45DD-BE73-951FC014AAA5}.Release|x86.ActiveCfg = Release|Any CPU
		{DF4DFEDD-0F98-45DD-BE73-951FC014AAA5}.WebBuild|Any CPU.ActiveCfg = Release|Any CPU
		{DF4DFEDD-0F98-45DD-BE73-951FC014AAA5}.WebBuild|Any CPU.Build.0 = Release|Any CPU
		{DF4DFEDD-0F98-45DD-BE73-951FC014AAA5}.WebBuild|Mixed Platforms.ActiveCfg = Release|Any CPU
		{DF4DFEDD-0F98-45DD-BE73-951FC014AAA5}.WebBuild|Mixed Platforms.Build.0 = Release|Any CPU
		{DF4DFEDD-0F98-45DD-BE73-951FC014AAA5}.WebBuild|x64.ActiveCfg = Release|Any CPU
		{DF4DFEDD-0F98-45DD-BE73-951FC014AAA5}.WebBuild|x64.Build.0 = Release|Any CPU
		{DF4DFEDD-0F98-45DD-BE73-951FC014AAA5}.WebBuild|x86.ActiveCfg = Release|Any CPU
		{DF4DFEDD-0F98-45DD-BE73-951FC014AAA5}.WebBuild|x86.Build.0 = Release|Any CPU
		{FAC4CF79-1413-49DE-ADF7-71878CEA8CE9}.Debug|Any CPU.ActiveCfg = Debug|Any CPU
		{FAC4CF79-1413-49DE-ADF7-71878CEA8CE9}.Debug|Any CPU.Build.0 = Debug|Any CPU
		{FAC4CF79-1413-49DE-ADF7-71878CEA8CE9}.Debug|Mixed Platforms.ActiveCfg = Debug|Any CPU
		{FAC4CF79-1413-49DE-ADF7-71878CEA8CE9}.Debug|Mixed Platforms.Build.0 = Debug|Any CPU
		{FAC4CF79-1413-49DE-ADF7-71878CEA8CE9}.Debug|x64.ActiveCfg = Debug|Any CPU
		{FAC4CF79-1413-49DE-ADF7-71878CEA8CE9}.Debug|x64.Build.0 = Debug|Any CPU
		{FAC4CF79-1413-49DE-ADF7-71878CEA8CE9}.Debug|x86.ActiveCfg = Debug|Any CPU
		{FAC4CF79-1413-49DE-ADF7-71878CEA8CE9}.Release|Any CPU.ActiveCfg = Release|Any CPU
		{FAC4CF79-1413-49DE-ADF7-71878CEA8CE9}.Release|Any CPU.Build.0 = Release|Any CPU
		{FAC4CF79-1413-49DE-ADF7-71878CEA8CE9}.Release|Mixed Platforms.ActiveCfg = Release|Any CPU
		{FAC4CF79-1413-49DE-ADF7-71878CEA8CE9}.Release|Mixed Platforms.Build.0 = Release|Any CPU
		{FAC4CF79-1413-49DE-ADF7-71878CEA8CE9}.Release|x64.ActiveCfg = Release|Any CPU
		{FAC4CF79-1413-49DE-ADF7-71878CEA8CE9}.Release|x64.Build.0 = Release|Any CPU
		{FAC4CF79-1413-49DE-ADF7-71878CEA8CE9}.Release|x86.ActiveCfg = Release|Any CPU
		{FAC4CF79-1413-49DE-ADF7-71878CEA8CE9}.WebBuild|Any CPU.ActiveCfg = Release|Any CPU
		{FAC4CF79-1413-49DE-ADF7-71878CEA8CE9}.WebBuild|Any CPU.Build.0 = Release|Any CPU
		{FAC4CF79-1413-49DE-ADF7-71878CEA8CE9}.WebBuild|Mixed Platforms.ActiveCfg = Release|Any CPU
		{FAC4CF79-1413-49DE-ADF7-71878CEA8CE9}.WebBuild|Mixed Platforms.Build.0 = Release|Any CPU
		{FAC4CF79-1413-49DE-ADF7-71878CEA8CE9}.WebBuild|x64.ActiveCfg = Release|Any CPU
		{FAC4CF79-1413-49DE-ADF7-71878CEA8CE9}.WebBuild|x64.Build.0 = Release|Any CPU
		{FAC4CF79-1413-49DE-ADF7-71878CEA8CE9}.WebBuild|x86.ActiveCfg = Release|Any CPU
		{FAC4CF79-1413-49DE-ADF7-71878CEA8CE9}.WebBuild|x86.Build.0 = Release|Any CPU
		{C26F3A2D-1EEC-4567-9D1C-D8AE5834D83F}.Debug|Any CPU.ActiveCfg = Debug|Any CPU
		{C26F3A2D-1EEC-4567-9D1C-D8AE5834D83F}.Debug|Any CPU.Build.0 = Debug|Any CPU
		{C26F3A2D-1EEC-4567-9D1C-D8AE5834D83F}.Debug|Mixed Platforms.ActiveCfg = Debug|Any CPU
		{C26F3A2D-1EEC-4567-9D1C-D8AE5834D83F}.Debug|Mixed Platforms.Build.0 = Debug|Any CPU
		{C26F3A2D-1EEC-4567-9D1C-D8AE5834D83F}.Debug|x64.ActiveCfg = Debug|Any CPU
		{C26F3A2D-1EEC-4567-9D1C-D8AE5834D83F}.Debug|x64.Build.0 = Debug|Any CPU
		{C26F3A2D-1EEC-4567-9D1C-D8AE5834D83F}.Debug|x86.ActiveCfg = Debug|Any CPU
		{C26F3A2D-1EEC-4567-9D1C-D8AE5834D83F}.Release|Any CPU.ActiveCfg = Release|Any CPU
		{C26F3A2D-1EEC-4567-9D1C-D8AE5834D83F}.Release|Any CPU.Build.0 = Release|Any CPU
		{C26F3A2D-1EEC-4567-9D1C-D8AE5834D83F}.Release|Mixed Platforms.ActiveCfg = Release|Any CPU
		{C26F3A2D-1EEC-4567-9D1C-D8AE5834D83F}.Release|Mixed Platforms.Build.0 = Release|Any CPU
		{C26F3A2D-1EEC-4567-9D1C-D8AE5834D83F}.Release|x64.ActiveCfg = Release|Any CPU
		{C26F3A2D-1EEC-4567-9D1C-D8AE5834D83F}.Release|x64.Build.0 = Release|Any CPU
		{C26F3A2D-1EEC-4567-9D1C-D8AE5834D83F}.Release|x86.ActiveCfg = Release|Any CPU
		{C26F3A2D-1EEC-4567-9D1C-D8AE5834D83F}.WebBuild|Any CPU.ActiveCfg = Release|Any CPU
		{C26F3A2D-1EEC-4567-9D1C-D8AE5834D83F}.WebBuild|Any CPU.Build.0 = Release|Any CPU
		{C26F3A2D-1EEC-4567-9D1C-D8AE5834D83F}.WebBuild|Mixed Platforms.ActiveCfg = Release|Any CPU
		{C26F3A2D-1EEC-4567-9D1C-D8AE5834D83F}.WebBuild|Mixed Platforms.Build.0 = Release|Any CPU
		{C26F3A2D-1EEC-4567-9D1C-D8AE5834D83F}.WebBuild|x64.ActiveCfg = Release|Any CPU
		{C26F3A2D-1EEC-4567-9D1C-D8AE5834D83F}.WebBuild|x64.Build.0 = Release|Any CPU
		{C26F3A2D-1EEC-4567-9D1C-D8AE5834D83F}.WebBuild|x86.ActiveCfg = Release|Any CPU
		{C26F3A2D-1EEC-4567-9D1C-D8AE5834D83F}.WebBuild|x86.Build.0 = Release|Any CPU
		{0C912539-7606-4822-8765-ABC87145248A}.Debug|Any CPU.ActiveCfg = Debug|Any CPU
		{0C912539-7606-4822-8765-ABC87145248A}.Debug|Any CPU.Build.0 = Debug|Any CPU
		{0C912539-7606-4822-8765-ABC87145248A}.Debug|Mixed Platforms.ActiveCfg = Debug|Any CPU
		{0C912539-7606-4822-8765-ABC87145248A}.Debug|Mixed Platforms.Build.0 = Debug|Any CPU
		{0C912539-7606-4822-8765-ABC87145248A}.Debug|x64.ActiveCfg = Debug|Any CPU
		{0C912539-7606-4822-8765-ABC87145248A}.Debug|x64.Build.0 = Debug|Any CPU
		{0C912539-7606-4822-8765-ABC87145248A}.Debug|x86.ActiveCfg = Debug|Any CPU
		{0C912539-7606-4822-8765-ABC87145248A}.Release|Any CPU.ActiveCfg = Release|Any CPU
		{0C912539-7606-4822-8765-ABC87145248A}.Release|Any CPU.Build.0 = Release|Any CPU
		{0C912539-7606-4822-8765-ABC87145248A}.Release|Mixed Platforms.ActiveCfg = Release|Any CPU
		{0C912539-7606-4822-8765-ABC87145248A}.Release|Mixed Platforms.Build.0 = Release|Any CPU
		{0C912539-7606-4822-8765-ABC87145248A}.Release|x64.ActiveCfg = Release|Any CPU
		{0C912539-7606-4822-8765-ABC87145248A}.Release|x64.Build.0 = Release|Any CPU
		{0C912539-7606-4822-8765-ABC87145248A}.Release|x86.ActiveCfg = Release|Any CPU
		{0C912539-7606-4822-8765-ABC87145248A}.WebBuild|Any CPU.ActiveCfg = Release|Any CPU
		{0C912539-7606-4822-8765-ABC87145248A}.WebBuild|Any CPU.Build.0 = Release|Any CPU
		{0C912539-7606-4822-8765-ABC87145248A}.WebBuild|Mixed Platforms.ActiveCfg = Release|Any CPU
		{0C912539-7606-4822-8765-ABC87145248A}.WebBuild|Mixed Platforms.Build.0 = Release|Any CPU
		{0C912539-7606-4822-8765-ABC87145248A}.WebBuild|x64.ActiveCfg = Release|Any CPU
		{0C912539-7606-4822-8765-ABC87145248A}.WebBuild|x64.Build.0 = Release|Any CPU
		{0C912539-7606-4822-8765-ABC87145248A}.WebBuild|x86.ActiveCfg = Release|Any CPU
		{0C912539-7606-4822-8765-ABC87145248A}.WebBuild|x86.Build.0 = Release|Any CPU
		{DC961A65-F217-4C17-8DEE-DEC452AD6BF1}.Debug|Any CPU.ActiveCfg = Debug|Any CPU
		{DC961A65-F217-4C17-8DEE-DEC452AD6BF1}.Debug|Any CPU.Build.0 = Debug|Any CPU
		{DC961A65-F217-4C17-8DEE-DEC452AD6BF1}.Debug|Mixed Platforms.ActiveCfg = Debug|Any CPU
		{DC961A65-F217-4C17-8DEE-DEC452AD6BF1}.Debug|Mixed Platforms.Build.0 = Debug|Any CPU
		{DC961A65-F217-4C17-8DEE-DEC452AD6BF1}.Debug|x64.ActiveCfg = Debug|Any CPU
		{DC961A65-F217-4C17-8DEE-DEC452AD6BF1}.Debug|x64.Build.0 = Debug|Any CPU
		{DC961A65-F217-4C17-8DEE-DEC452AD6BF1}.Debug|x86.ActiveCfg = Debug|Any CPU
		{DC961A65-F217-4C17-8DEE-DEC452AD6BF1}.Release|Any CPU.ActiveCfg = Release|Any CPU
		{DC961A65-F217-4C17-8DEE-DEC452AD6BF1}.Release|Any CPU.Build.0 = Release|Any CPU
		{DC961A65-F217-4C17-8DEE-DEC452AD6BF1}.Release|Mixed Platforms.ActiveCfg = Release|Any CPU
		{DC961A65-F217-4C17-8DEE-DEC452AD6BF1}.Release|Mixed Platforms.Build.0 = Release|Any CPU
		{DC961A65-F217-4C17-8DEE-DEC452AD6BF1}.Release|x64.ActiveCfg = Release|Any CPU
		{DC961A65-F217-4C17-8DEE-DEC452AD6BF1}.Release|x64.Build.0 = Release|Any CPU
		{DC961A65-F217-4C17-8DEE-DEC452AD6BF1}.Release|x86.ActiveCfg = Release|Any CPU
		{DC961A65-F217-4C17-8DEE-DEC452AD6BF1}.WebBuild|Any CPU.ActiveCfg = Release|Any CPU
		{DC961A65-F217-4C17-8DEE-DEC452AD6BF1}.WebBuild|Any CPU.Build.0 = Release|Any CPU
		{DC961A65-F217-4C17-8DEE-DEC452AD6BF1}.WebBuild|Mixed Platforms.ActiveCfg = Release|Any CPU
		{DC961A65-F217-4C17-8DEE-DEC452AD6BF1}.WebBuild|Mixed Platforms.Build.0 = Release|Any CPU
		{DC961A65-F217-4C17-8DEE-DEC452AD6BF1}.WebBuild|x64.ActiveCfg = Release|Any CPU
		{DC961A65-F217-4C17-8DEE-DEC452AD6BF1}.WebBuild|x64.Build.0 = Release|Any CPU
		{DC961A65-F217-4C17-8DEE-DEC452AD6BF1}.WebBuild|x86.ActiveCfg = Release|Any CPU
		{362C0976-69A9-4E53-98C2-3A4A8028FD3B}.Debug|Any CPU.ActiveCfg = Debug|Any CPU
		{362C0976-69A9-4E53-98C2-3A4A8028FD3B}.Debug|Any CPU.Build.0 = Debug|Any CPU
		{362C0976-69A9-4E53-98C2-3A4A8028FD3B}.Debug|Mixed Platforms.ActiveCfg = Debug|Any CPU
		{362C0976-69A9-4E53-98C2-3A4A8028FD3B}.Debug|Mixed Platforms.Build.0 = Debug|Any CPU
		{362C0976-69A9-4E53-98C2-3A4A8028FD3B}.Debug|x64.ActiveCfg = Debug|Any CPU
		{362C0976-69A9-4E53-98C2-3A4A8028FD3B}.Debug|x64.Build.0 = Debug|Any CPU
		{362C0976-69A9-4E53-98C2-3A4A8028FD3B}.Debug|x86.ActiveCfg = Debug|Any CPU
		{362C0976-69A9-4E53-98C2-3A4A8028FD3B}.Release|Any CPU.ActiveCfg = Release|Any CPU
		{362C0976-69A9-4E53-98C2-3A4A8028FD3B}.Release|Any CPU.Build.0 = Release|Any CPU
		{362C0976-69A9-4E53-98C2-3A4A8028FD3B}.Release|Mixed Platforms.ActiveCfg = Release|Any CPU
		{362C0976-69A9-4E53-98C2-3A4A8028FD3B}.Release|Mixed Platforms.Build.0 = Release|Any CPU
		{362C0976-69A9-4E53-98C2-3A4A8028FD3B}.Release|x64.ActiveCfg = Release|Any CPU
		{362C0976-69A9-4E53-98C2-3A4A8028FD3B}.Release|x64.Build.0 = Release|Any CPU
		{362C0976-69A9-4E53-98C2-3A4A8028FD3B}.Release|x86.ActiveCfg = Release|Any CPU
		{362C0976-69A9-4E53-98C2-3A4A8028FD3B}.WebBuild|Any CPU.ActiveCfg = Release|Any CPU
		{362C0976-69A9-4E53-98C2-3A4A8028FD3B}.WebBuild|Any CPU.Build.0 = Release|Any CPU
		{362C0976-69A9-4E53-98C2-3A4A8028FD3B}.WebBuild|Mixed Platforms.ActiveCfg = Release|Any CPU
		{362C0976-69A9-4E53-98C2-3A4A8028FD3B}.WebBuild|Mixed Platforms.Build.0 = Release|Any CPU
		{362C0976-69A9-4E53-98C2-3A4A8028FD3B}.WebBuild|x64.ActiveCfg = Release|Any CPU
		{362C0976-69A9-4E53-98C2-3A4A8028FD3B}.WebBuild|x64.Build.0 = Release|Any CPU
		{362C0976-69A9-4E53-98C2-3A4A8028FD3B}.WebBuild|x86.ActiveCfg = Release|Any CPU
		{50286B2D-5A0B-4F57-8CBB-7CC1C9A6C64F}.Debug|Any CPU.ActiveCfg = Debug|Any CPU
		{50286B2D-5A0B-4F57-8CBB-7CC1C9A6C64F}.Debug|Any CPU.Build.0 = Debug|Any CPU
		{50286B2D-5A0B-4F57-8CBB-7CC1C9A6C64F}.Debug|Mixed Platforms.ActiveCfg = Debug|Any CPU
		{50286B2D-5A0B-4F57-8CBB-7CC1C9A6C64F}.Debug|Mixed Platforms.Build.0 = Debug|Any CPU
		{50286B2D-5A0B-4F57-8CBB-7CC1C9A6C64F}.Debug|x64.ActiveCfg = Debug|Any CPU
		{50286B2D-5A0B-4F57-8CBB-7CC1C9A6C64F}.Debug|x64.Build.0 = Debug|Any CPU
		{50286B2D-5A0B-4F57-8CBB-7CC1C9A6C64F}.Debug|x86.ActiveCfg = Debug|Any CPU
		{50286B2D-5A0B-4F57-8CBB-7CC1C9A6C64F}.Release|Any CPU.ActiveCfg = Release|Any CPU
		{50286B2D-5A0B-4F57-8CBB-7CC1C9A6C64F}.Release|Any CPU.Build.0 = Release|Any CPU
		{50286B2D-5A0B-4F57-8CBB-7CC1C9A6C64F}.Release|Mixed Platforms.ActiveCfg = Release|Any CPU
		{50286B2D-5A0B-4F57-8CBB-7CC1C9A6C64F}.Release|Mixed Platforms.Build.0 = Release|Any CPU
		{50286B2D-5A0B-4F57-8CBB-7CC1C9A6C64F}.Release|x64.ActiveCfg = Release|Any CPU
		{50286B2D-5A0B-4F57-8CBB-7CC1C9A6C64F}.Release|x64.Build.0 = Release|Any CPU
		{50286B2D-5A0B-4F57-8CBB-7CC1C9A6C64F}.Release|x86.ActiveCfg = Release|Any CPU
		{50286B2D-5A0B-4F57-8CBB-7CC1C9A6C64F}.WebBuild|Any CPU.ActiveCfg = Release|Any CPU
		{50286B2D-5A0B-4F57-8CBB-7CC1C9A6C64F}.WebBuild|Any CPU.Build.0 = Release|Any CPU
		{50286B2D-5A0B-4F57-8CBB-7CC1C9A6C64F}.WebBuild|Mixed Platforms.ActiveCfg = Release|Any CPU
		{50286B2D-5A0B-4F57-8CBB-7CC1C9A6C64F}.WebBuild|Mixed Platforms.Build.0 = Release|Any CPU
		{50286B2D-5A0B-4F57-8CBB-7CC1C9A6C64F}.WebBuild|x64.ActiveCfg = Release|Any CPU
		{50286B2D-5A0B-4F57-8CBB-7CC1C9A6C64F}.WebBuild|x64.Build.0 = Release|Any CPU
		{50286B2D-5A0B-4F57-8CBB-7CC1C9A6C64F}.WebBuild|x86.ActiveCfg = Release|Any CPU
		{50286B2D-5A0B-4F57-8CBB-7CC1C9A6C64F}.WebBuild|x86.Build.0 = Release|Any CPU
		{AB8C2371-BB5C-42C5-8B59-EC6D40FC82B1}.Debug|Any CPU.ActiveCfg = Debug|Any CPU
		{AB8C2371-BB5C-42C5-8B59-EC6D40FC82B1}.Debug|Any CPU.Build.0 = Debug|Any CPU
		{AB8C2371-BB5C-42C5-8B59-EC6D40FC82B1}.Debug|Mixed Platforms.ActiveCfg = Debug|Any CPU
		{AB8C2371-BB5C-42C5-8B59-EC6D40FC82B1}.Debug|Mixed Platforms.Build.0 = Debug|Any CPU
		{AB8C2371-BB5C-42C5-8B59-EC6D40FC82B1}.Debug|x64.ActiveCfg = Debug|Any CPU
		{AB8C2371-BB5C-42C5-8B59-EC6D40FC82B1}.Debug|x64.Build.0 = Debug|Any CPU
		{AB8C2371-BB5C-42C5-8B59-EC6D40FC82B1}.Debug|x86.ActiveCfg = Debug|Any CPU
		{AB8C2371-BB5C-42C5-8B59-EC6D40FC82B1}.Release|Any CPU.ActiveCfg = Release|Any CPU
		{AB8C2371-BB5C-42C5-8B59-EC6D40FC82B1}.Release|Any CPU.Build.0 = Release|Any CPU
		{AB8C2371-BB5C-42C5-8B59-EC6D40FC82B1}.Release|Mixed Platforms.ActiveCfg = Release|Any CPU
		{AB8C2371-BB5C-42C5-8B59-EC6D40FC82B1}.Release|Mixed Platforms.Build.0 = Release|Any CPU
		{AB8C2371-BB5C-42C5-8B59-EC6D40FC82B1}.Release|x64.ActiveCfg = Release|Any CPU
		{AB8C2371-BB5C-42C5-8B59-EC6D40FC82B1}.Release|x64.Build.0 = Release|Any CPU
		{AB8C2371-BB5C-42C5-8B59-EC6D40FC82B1}.Release|x86.ActiveCfg = Release|Any CPU
		{AB8C2371-BB5C-42C5-8B59-EC6D40FC82B1}.WebBuild|Any CPU.ActiveCfg = Release|Any CPU
		{AB8C2371-BB5C-42C5-8B59-EC6D40FC82B1}.WebBuild|Any CPU.Build.0 = Release|Any CPU
		{AB8C2371-BB5C-42C5-8B59-EC6D40FC82B1}.WebBuild|Mixed Platforms.ActiveCfg = Release|Any CPU
		{AB8C2371-BB5C-42C5-8B59-EC6D40FC82B1}.WebBuild|Mixed Platforms.Build.0 = Release|Any CPU
		{AB8C2371-BB5C-42C5-8B59-EC6D40FC82B1}.WebBuild|x64.ActiveCfg = Release|Any CPU
		{AB8C2371-BB5C-42C5-8B59-EC6D40FC82B1}.WebBuild|x64.Build.0 = Release|Any CPU
		{AB8C2371-BB5C-42C5-8B59-EC6D40FC82B1}.WebBuild|x86.ActiveCfg = Release|Any CPU
		{9FC900CA-99DA-467A-8497-4EB76A81FC6C}.Debug|Any CPU.ActiveCfg = Debug|Any CPU
		{9FC900CA-99DA-467A-8497-4EB76A81FC6C}.Debug|Any CPU.Build.0 = Debug|Any CPU
		{9FC900CA-99DA-467A-8497-4EB76A81FC6C}.Debug|Mixed Platforms.ActiveCfg = Debug|Any CPU
		{9FC900CA-99DA-467A-8497-4EB76A81FC6C}.Debug|Mixed Platforms.Build.0 = Debug|Any CPU
		{9FC900CA-99DA-467A-8497-4EB76A81FC6C}.Debug|x64.ActiveCfg = Debug|Any CPU
		{9FC900CA-99DA-467A-8497-4EB76A81FC6C}.Debug|x64.Build.0 = Debug|Any CPU
		{9FC900CA-99DA-467A-8497-4EB76A81FC6C}.Debug|x86.ActiveCfg = Debug|Any CPU
		{9FC900CA-99DA-467A-8497-4EB76A81FC6C}.Release|Any CPU.ActiveCfg = Release|Any CPU
		{9FC900CA-99DA-467A-8497-4EB76A81FC6C}.Release|Any CPU.Build.0 = Release|Any CPU
		{9FC900CA-99DA-467A-8497-4EB76A81FC6C}.Release|Mixed Platforms.ActiveCfg = Release|Any CPU
		{9FC900CA-99DA-467A-8497-4EB76A81FC6C}.Release|Mixed Platforms.Build.0 = Release|Any CPU
		{9FC900CA-99DA-467A-8497-4EB76A81FC6C}.Release|x64.ActiveCfg = Release|Any CPU
		{9FC900CA-99DA-467A-8497-4EB76A81FC6C}.Release|x64.Build.0 = Release|Any CPU
		{9FC900CA-99DA-467A-8497-4EB76A81FC6C}.Release|x86.ActiveCfg = Release|Any CPU
		{9FC900CA-99DA-467A-8497-4EB76A81FC6C}.WebBuild|Any CPU.ActiveCfg = Release|Any CPU
		{9FC900CA-99DA-467A-8497-4EB76A81FC6C}.WebBuild|Any CPU.Build.0 = Release|Any CPU
		{9FC900CA-99DA-467A-8497-4EB76A81FC6C}.WebBuild|Mixed Platforms.ActiveCfg = Release|Any CPU
		{9FC900CA-99DA-467A-8497-4EB76A81FC6C}.WebBuild|Mixed Platforms.Build.0 = Release|Any CPU
		{9FC900CA-99DA-467A-8497-4EB76A81FC6C}.WebBuild|x64.ActiveCfg = Release|Any CPU
		{9FC900CA-99DA-467A-8497-4EB76A81FC6C}.WebBuild|x64.Build.0 = Release|Any CPU
		{9FC900CA-99DA-467A-8497-4EB76A81FC6C}.WebBuild|x86.ActiveCfg = Release|Any CPU
		{6798574D-36F9-4DAA-859A-F531A0B17C0B}.Debug|Any CPU.ActiveCfg = Debug|Any CPU
		{6798574D-36F9-4DAA-859A-F531A0B17C0B}.Debug|Any CPU.Build.0 = Debug|Any CPU
		{6798574D-36F9-4DAA-859A-F531A0B17C0B}.Debug|Mixed Platforms.ActiveCfg = Debug|Any CPU
		{6798574D-36F9-4DAA-859A-F531A0B17C0B}.Debug|Mixed Platforms.Build.0 = Debug|Any CPU
		{6798574D-36F9-4DAA-859A-F531A0B17C0B}.Debug|x64.ActiveCfg = Debug|Any CPU
		{6798574D-36F9-4DAA-859A-F531A0B17C0B}.Debug|x64.Build.0 = Debug|Any CPU
		{6798574D-36F9-4DAA-859A-F531A0B17C0B}.Debug|x86.ActiveCfg = Debug|Any CPU
		{6798574D-36F9-4DAA-859A-F531A0B17C0B}.Debug|x86.Build.0 = Debug|Any CPU
		{6798574D-36F9-4DAA-859A-F531A0B17C0B}.Release|Any CPU.ActiveCfg = Release|Any CPU
		{6798574D-36F9-4DAA-859A-F531A0B17C0B}.Release|Any CPU.Build.0 = Release|Any CPU
		{6798574D-36F9-4DAA-859A-F531A0B17C0B}.Release|Mixed Platforms.ActiveCfg = Release|Any CPU
		{6798574D-36F9-4DAA-859A-F531A0B17C0B}.Release|Mixed Platforms.Build.0 = Release|Any CPU
		{6798574D-36F9-4DAA-859A-F531A0B17C0B}.Release|x64.ActiveCfg = Release|Any CPU
		{6798574D-36F9-4DAA-859A-F531A0B17C0B}.Release|x64.Build.0 = Release|Any CPU
		{6798574D-36F9-4DAA-859A-F531A0B17C0B}.Release|x86.ActiveCfg = Release|Any CPU
		{6798574D-36F9-4DAA-859A-F531A0B17C0B}.Release|x86.Build.0 = Release|Any CPU
		{6798574D-36F9-4DAA-859A-F531A0B17C0B}.WebBuild|Any CPU.ActiveCfg = Release|Any CPU
		{6798574D-36F9-4DAA-859A-F531A0B17C0B}.WebBuild|Any CPU.Build.0 = Release|Any CPU
		{6798574D-36F9-4DAA-859A-F531A0B17C0B}.WebBuild|Mixed Platforms.ActiveCfg = Release|Any CPU
		{6798574D-36F9-4DAA-859A-F531A0B17C0B}.WebBuild|Mixed Platforms.Build.0 = Release|Any CPU
		{6798574D-36F9-4DAA-859A-F531A0B17C0B}.WebBuild|x64.ActiveCfg = Release|Any CPU
		{6798574D-36F9-4DAA-859A-F531A0B17C0B}.WebBuild|x64.Build.0 = Release|Any CPU
		{6798574D-36F9-4DAA-859A-F531A0B17C0B}.WebBuild|x86.ActiveCfg = Release|Any CPU
		{6798574D-36F9-4DAA-859A-F531A0B17C0B}.WebBuild|x86.Build.0 = Release|Any CPU
		{FE62B4E8-9278-4B6F-B0E9-67495D74CB22}.Debug|Any CPU.ActiveCfg = Debug|Any CPU
		{FE62B4E8-9278-4B6F-B0E9-67495D74CB22}.Debug|Any CPU.Build.0 = Debug|Any CPU
		{FE62B4E8-9278-4B6F-B0E9-67495D74CB22}.Debug|Mixed Platforms.ActiveCfg = Debug|Any CPU
		{FE62B4E8-9278-4B6F-B0E9-67495D74CB22}.Debug|Mixed Platforms.Build.0 = Debug|Any CPU
		{FE62B4E8-9278-4B6F-B0E9-67495D74CB22}.Debug|x64.ActiveCfg = Debug|Any CPU
		{FE62B4E8-9278-4B6F-B0E9-67495D74CB22}.Debug|x64.Build.0 = Debug|Any CPU
		{FE62B4E8-9278-4B6F-B0E9-67495D74CB22}.Debug|x86.ActiveCfg = Debug|Any CPU
		{FE62B4E8-9278-4B6F-B0E9-67495D74CB22}.Debug|x86.Build.0 = Debug|Any CPU
		{FE62B4E8-9278-4B6F-B0E9-67495D74CB22}.Release|Any CPU.ActiveCfg = Release|Any CPU
		{FE62B4E8-9278-4B6F-B0E9-67495D74CB22}.Release|Any CPU.Build.0 = Release|Any CPU
		{FE62B4E8-9278-4B6F-B0E9-67495D74CB22}.Release|Mixed Platforms.ActiveCfg = Release|Any CPU
		{FE62B4E8-9278-4B6F-B0E9-67495D74CB22}.Release|Mixed Platforms.Build.0 = Release|Any CPU
		{FE62B4E8-9278-4B6F-B0E9-67495D74CB22}.Release|x64.ActiveCfg = Release|Any CPU
		{FE62B4E8-9278-4B6F-B0E9-67495D74CB22}.Release|x64.Build.0 = Release|Any CPU
		{FE62B4E8-9278-4B6F-B0E9-67495D74CB22}.Release|x86.ActiveCfg = Release|Any CPU
		{FE62B4E8-9278-4B6F-B0E9-67495D74CB22}.Release|x86.Build.0 = Release|Any CPU
		{FE62B4E8-9278-4B6F-B0E9-67495D74CB22}.WebBuild|Any CPU.ActiveCfg = Debug|Any CPU
		{FE62B4E8-9278-4B6F-B0E9-67495D74CB22}.WebBuild|Any CPU.Build.0 = Debug|Any CPU
		{FE62B4E8-9278-4B6F-B0E9-67495D74CB22}.WebBuild|Mixed Platforms.ActiveCfg = Debug|Any CPU
		{FE62B4E8-9278-4B6F-B0E9-67495D74CB22}.WebBuild|Mixed Platforms.Build.0 = Debug|Any CPU
		{FE62B4E8-9278-4B6F-B0E9-67495D74CB22}.WebBuild|x64.ActiveCfg = Debug|Any CPU
		{FE62B4E8-9278-4B6F-B0E9-67495D74CB22}.WebBuild|x64.Build.0 = Debug|Any CPU
		{FE62B4E8-9278-4B6F-B0E9-67495D74CB22}.WebBuild|x86.ActiveCfg = Debug|Any CPU
		{FE62B4E8-9278-4B6F-B0E9-67495D74CB22}.WebBuild|x86.Build.0 = Debug|Any CPU
		{18B45557-CDEA-4FD5-AEEC-95E4BAC5F6D0}.Debug|Any CPU.ActiveCfg = Debug|Any CPU
		{18B45557-CDEA-4FD5-AEEC-95E4BAC5F6D0}.Debug|Any CPU.Build.0 = Debug|Any CPU
		{18B45557-CDEA-4FD5-AEEC-95E4BAC5F6D0}.Debug|Mixed Platforms.ActiveCfg = Debug|Any CPU
		{18B45557-CDEA-4FD5-AEEC-95E4BAC5F6D0}.Debug|Mixed Platforms.Build.0 = Debug|Any CPU
		{18B45557-CDEA-4FD5-AEEC-95E4BAC5F6D0}.Debug|x64.ActiveCfg = Debug|Any CPU
		{18B45557-CDEA-4FD5-AEEC-95E4BAC5F6D0}.Debug|x64.Build.0 = Debug|Any CPU
		{18B45557-CDEA-4FD5-AEEC-95E4BAC5F6D0}.Debug|x86.ActiveCfg = Debug|Any CPU
		{18B45557-CDEA-4FD5-AEEC-95E4BAC5F6D0}.Debug|x86.Build.0 = Debug|Any CPU
		{18B45557-CDEA-4FD5-AEEC-95E4BAC5F6D0}.Release|Any CPU.ActiveCfg = Release|Any CPU
		{18B45557-CDEA-4FD5-AEEC-95E4BAC5F6D0}.Release|Any CPU.Build.0 = Release|Any CPU
		{18B45557-CDEA-4FD5-AEEC-95E4BAC5F6D0}.Release|Mixed Platforms.ActiveCfg = Release|Any CPU
		{18B45557-CDEA-4FD5-AEEC-95E4BAC5F6D0}.Release|Mixed Platforms.Build.0 = Release|Any CPU
		{18B45557-CDEA-4FD5-AEEC-95E4BAC5F6D0}.Release|x64.ActiveCfg = Release|Any CPU
		{18B45557-CDEA-4FD5-AEEC-95E4BAC5F6D0}.Release|x64.Build.0 = Release|Any CPU
		{18B45557-CDEA-4FD5-AEEC-95E4BAC5F6D0}.Release|x86.ActiveCfg = Release|Any CPU
		{18B45557-CDEA-4FD5-AEEC-95E4BAC5F6D0}.Release|x86.Build.0 = Release|Any CPU
		{18B45557-CDEA-4FD5-AEEC-95E4BAC5F6D0}.WebBuild|Any CPU.ActiveCfg = Debug|Any CPU
		{18B45557-CDEA-4FD5-AEEC-95E4BAC5F6D0}.WebBuild|Any CPU.Build.0 = Debug|Any CPU
		{18B45557-CDEA-4FD5-AEEC-95E4BAC5F6D0}.WebBuild|Mixed Platforms.ActiveCfg = Debug|Any CPU
		{18B45557-CDEA-4FD5-AEEC-95E4BAC5F6D0}.WebBuild|Mixed Platforms.Build.0 = Debug|Any CPU
		{18B45557-CDEA-4FD5-AEEC-95E4BAC5F6D0}.WebBuild|x64.ActiveCfg = Debug|Any CPU
		{18B45557-CDEA-4FD5-AEEC-95E4BAC5F6D0}.WebBuild|x64.Build.0 = Debug|Any CPU
		{18B45557-CDEA-4FD5-AEEC-95E4BAC5F6D0}.WebBuild|x86.ActiveCfg = Debug|Any CPU
		{18B45557-CDEA-4FD5-AEEC-95E4BAC5F6D0}.WebBuild|x86.Build.0 = Debug|Any CPU
		{6627EB2F-6AE1-4644-B60B-FC642A600477}.Debug|Any CPU.ActiveCfg = Debug|Any CPU
		{6627EB2F-6AE1-4644-B60B-FC642A600477}.Debug|Any CPU.Build.0 = Debug|Any CPU
		{6627EB2F-6AE1-4644-B60B-FC642A600477}.Debug|Mixed Platforms.ActiveCfg = Debug|Any CPU
		{6627EB2F-6AE1-4644-B60B-FC642A600477}.Debug|Mixed Platforms.Build.0 = Debug|Any CPU
		{6627EB2F-6AE1-4644-B60B-FC642A600477}.Debug|x64.ActiveCfg = Debug|Any CPU
		{6627EB2F-6AE1-4644-B60B-FC642A600477}.Debug|x64.Build.0 = Debug|Any CPU
		{6627EB2F-6AE1-4644-B60B-FC642A600477}.Debug|x86.ActiveCfg = Debug|Any CPU
		{6627EB2F-6AE1-4644-B60B-FC642A600477}.Debug|x86.Build.0 = Debug|Any CPU
		{6627EB2F-6AE1-4644-B60B-FC642A600477}.Release|Any CPU.ActiveCfg = Release|Any CPU
		{6627EB2F-6AE1-4644-B60B-FC642A600477}.Release|Any CPU.Build.0 = Release|Any CPU
		{6627EB2F-6AE1-4644-B60B-FC642A600477}.Release|Mixed Platforms.ActiveCfg = Release|Any CPU
		{6627EB2F-6AE1-4644-B60B-FC642A600477}.Release|Mixed Platforms.Build.0 = Release|Any CPU
		{6627EB2F-6AE1-4644-B60B-FC642A600477}.Release|x64.ActiveCfg = Release|Any CPU
		{6627EB2F-6AE1-4644-B60B-FC642A600477}.Release|x64.Build.0 = Release|Any CPU
		{6627EB2F-6AE1-4644-B60B-FC642A600477}.Release|x86.ActiveCfg = Release|Any CPU
		{6627EB2F-6AE1-4644-B60B-FC642A600477}.Release|x86.Build.0 = Release|Any CPU
		{6627EB2F-6AE1-4644-B60B-FC642A600477}.WebBuild|Any CPU.ActiveCfg = Debug|Any CPU
		{6627EB2F-6AE1-4644-B60B-FC642A600477}.WebBuild|Any CPU.Build.0 = Debug|Any CPU
		{6627EB2F-6AE1-4644-B60B-FC642A600477}.WebBuild|Mixed Platforms.ActiveCfg = Debug|Any CPU
		{6627EB2F-6AE1-4644-B60B-FC642A600477}.WebBuild|Mixed Platforms.Build.0 = Debug|Any CPU
		{6627EB2F-6AE1-4644-B60B-FC642A600477}.WebBuild|x64.ActiveCfg = Debug|Any CPU
		{6627EB2F-6AE1-4644-B60B-FC642A600477}.WebBuild|x64.Build.0 = Debug|Any CPU
		{6627EB2F-6AE1-4644-B60B-FC642A600477}.WebBuild|x86.ActiveCfg = Debug|Any CPU
		{6627EB2F-6AE1-4644-B60B-FC642A600477}.WebBuild|x86.Build.0 = Debug|Any CPU
		{6F61D214-F298-4F19-B9F4-A07B7A436815}.Debug|Any CPU.ActiveCfg = Debug|Any CPU
		{6F61D214-F298-4F19-B9F4-A07B7A436815}.Debug|Any CPU.Build.0 = Debug|Any CPU
		{6F61D214-F298-4F19-B9F4-A07B7A436815}.Debug|Mixed Platforms.ActiveCfg = Debug|Any CPU
		{6F61D214-F298-4F19-B9F4-A07B7A436815}.Debug|Mixed Platforms.Build.0 = Debug|Any CPU
		{6F61D214-F298-4F19-B9F4-A07B7A436815}.Debug|x64.ActiveCfg = Debug|Any CPU
		{6F61D214-F298-4F19-B9F4-A07B7A436815}.Debug|x64.Build.0 = Debug|Any CPU
		{6F61D214-F298-4F19-B9F4-A07B7A436815}.Debug|x86.ActiveCfg = Debug|Any CPU
		{6F61D214-F298-4F19-B9F4-A07B7A436815}.Debug|x86.Build.0 = Debug|Any CPU
		{6F61D214-F298-4F19-B9F4-A07B7A436815}.Release|Any CPU.ActiveCfg = Release|Any CPU
		{6F61D214-F298-4F19-B9F4-A07B7A436815}.Release|Any CPU.Build.0 = Release|Any CPU
		{6F61D214-F298-4F19-B9F4-A07B7A436815}.Release|Mixed Platforms.ActiveCfg = Release|Any CPU
		{6F61D214-F298-4F19-B9F4-A07B7A436815}.Release|Mixed Platforms.Build.0 = Release|Any CPU
		{6F61D214-F298-4F19-B9F4-A07B7A436815}.Release|x64.ActiveCfg = Release|Any CPU
		{6F61D214-F298-4F19-B9F4-A07B7A436815}.Release|x64.Build.0 = Release|Any CPU
		{6F61D214-F298-4F19-B9F4-A07B7A436815}.Release|x86.ActiveCfg = Release|Any CPU
		{6F61D214-F298-4F19-B9F4-A07B7A436815}.Release|x86.Build.0 = Release|Any CPU
		{6F61D214-F298-4F19-B9F4-A07B7A436815}.WebBuild|Any CPU.ActiveCfg = Debug|Any CPU
		{6F61D214-F298-4F19-B9F4-A07B7A436815}.WebBuild|Any CPU.Build.0 = Debug|Any CPU
		{6F61D214-F298-4F19-B9F4-A07B7A436815}.WebBuild|Mixed Platforms.ActiveCfg = Debug|Any CPU
		{6F61D214-F298-4F19-B9F4-A07B7A436815}.WebBuild|Mixed Platforms.Build.0 = Debug|Any CPU
		{6F61D214-F298-4F19-B9F4-A07B7A436815}.WebBuild|x64.ActiveCfg = Debug|Any CPU
		{6F61D214-F298-4F19-B9F4-A07B7A436815}.WebBuild|x64.Build.0 = Debug|Any CPU
		{6F61D214-F298-4F19-B9F4-A07B7A436815}.WebBuild|x86.ActiveCfg = Debug|Any CPU
		{6F61D214-F298-4F19-B9F4-A07B7A436815}.WebBuild|x86.Build.0 = Debug|Any CPU
		{B8ACF060-A76E-4FBF-8888-708C493A522D}.Debug|Any CPU.ActiveCfg = Debug|Any CPU
		{B8ACF060-A76E-4FBF-8888-708C493A522D}.Debug|Any CPU.Build.0 = Debug|Any CPU
		{B8ACF060-A76E-4FBF-8888-708C493A522D}.Debug|Mixed Platforms.ActiveCfg = Debug|Any CPU
		{B8ACF060-A76E-4FBF-8888-708C493A522D}.Debug|Mixed Platforms.Build.0 = Debug|Any CPU
		{B8ACF060-A76E-4FBF-8888-708C493A522D}.Debug|x64.ActiveCfg = Debug|Any CPU
		{B8ACF060-A76E-4FBF-8888-708C493A522D}.Debug|x64.Build.0 = Debug|Any CPU
		{B8ACF060-A76E-4FBF-8888-708C493A522D}.Debug|x86.ActiveCfg = Debug|Any CPU
		{B8ACF060-A76E-4FBF-8888-708C493A522D}.Debug|x86.Build.0 = Debug|Any CPU
		{B8ACF060-A76E-4FBF-8888-708C493A522D}.Release|Any CPU.ActiveCfg = Release|Any CPU
		{B8ACF060-A76E-4FBF-8888-708C493A522D}.Release|Any CPU.Build.0 = Release|Any CPU
		{B8ACF060-A76E-4FBF-8888-708C493A522D}.Release|Mixed Platforms.ActiveCfg = Release|Any CPU
		{B8ACF060-A76E-4FBF-8888-708C493A522D}.Release|Mixed Platforms.Build.0 = Release|Any CPU
		{B8ACF060-A76E-4FBF-8888-708C493A522D}.Release|x64.ActiveCfg = Release|Any CPU
		{B8ACF060-A76E-4FBF-8888-708C493A522D}.Release|x64.Build.0 = Release|Any CPU
		{B8ACF060-A76E-4FBF-8888-708C493A522D}.Release|x86.ActiveCfg = Release|Any CPU
		{B8ACF060-A76E-4FBF-8888-708C493A522D}.Release|x86.Build.0 = Release|Any CPU
		{B8ACF060-A76E-4FBF-8888-708C493A522D}.WebBuild|Any CPU.ActiveCfg = Debug|Any CPU
		{B8ACF060-A76E-4FBF-8888-708C493A522D}.WebBuild|Any CPU.Build.0 = Debug|Any CPU
		{B8ACF060-A76E-4FBF-8888-708C493A522D}.WebBuild|Mixed Platforms.ActiveCfg = Debug|Any CPU
		{B8ACF060-A76E-4FBF-8888-708C493A522D}.WebBuild|Mixed Platforms.Build.0 = Debug|Any CPU
		{B8ACF060-A76E-4FBF-8888-708C493A522D}.WebBuild|x64.ActiveCfg = Debug|Any CPU
		{B8ACF060-A76E-4FBF-8888-708C493A522D}.WebBuild|x64.Build.0 = Debug|Any CPU
		{B8ACF060-A76E-4FBF-8888-708C493A522D}.WebBuild|x86.ActiveCfg = Debug|Any CPU
		{B8ACF060-A76E-4FBF-8888-708C493A522D}.WebBuild|x86.Build.0 = Debug|Any CPU
		{FF1F51AB-C95D-4459-B1DB-FB5DE18FDC7E}.Debug|Any CPU.ActiveCfg = Debug|Any CPU
		{FF1F51AB-C95D-4459-B1DB-FB5DE18FDC7E}.Debug|Any CPU.Build.0 = Debug|Any CPU
		{FF1F51AB-C95D-4459-B1DB-FB5DE18FDC7E}.Debug|Mixed Platforms.ActiveCfg = Debug|Any CPU
		{FF1F51AB-C95D-4459-B1DB-FB5DE18FDC7E}.Debug|Mixed Platforms.Build.0 = Debug|Any CPU
		{FF1F51AB-C95D-4459-B1DB-FB5DE18FDC7E}.Debug|x64.ActiveCfg = Debug|Any CPU
		{FF1F51AB-C95D-4459-B1DB-FB5DE18FDC7E}.Debug|x64.Build.0 = Debug|Any CPU
		{FF1F51AB-C95D-4459-B1DB-FB5DE18FDC7E}.Debug|x86.ActiveCfg = Debug|Any CPU
		{FF1F51AB-C95D-4459-B1DB-FB5DE18FDC7E}.Debug|x86.Build.0 = Debug|Any CPU
		{FF1F51AB-C95D-4459-B1DB-FB5DE18FDC7E}.Release|Any CPU.ActiveCfg = Release|Any CPU
		{FF1F51AB-C95D-4459-B1DB-FB5DE18FDC7E}.Release|Any CPU.Build.0 = Release|Any CPU
		{FF1F51AB-C95D-4459-B1DB-FB5DE18FDC7E}.Release|Mixed Platforms.ActiveCfg = Release|Any CPU
		{FF1F51AB-C95D-4459-B1DB-FB5DE18FDC7E}.Release|Mixed Platforms.Build.0 = Release|Any CPU
		{FF1F51AB-C95D-4459-B1DB-FB5DE18FDC7E}.Release|x64.ActiveCfg = Release|Any CPU
		{FF1F51AB-C95D-4459-B1DB-FB5DE18FDC7E}.Release|x64.Build.0 = Release|Any CPU
		{FF1F51AB-C95D-4459-B1DB-FB5DE18FDC7E}.Release|x86.ActiveCfg = Release|Any CPU
		{FF1F51AB-C95D-4459-B1DB-FB5DE18FDC7E}.Release|x86.Build.0 = Release|Any CPU
		{FF1F51AB-C95D-4459-B1DB-FB5DE18FDC7E}.WebBuild|Any CPU.ActiveCfg = Debug|Any CPU
		{FF1F51AB-C95D-4459-B1DB-FB5DE18FDC7E}.WebBuild|Any CPU.Build.0 = Debug|Any CPU
		{FF1F51AB-C95D-4459-B1DB-FB5DE18FDC7E}.WebBuild|Mixed Platforms.ActiveCfg = Debug|Any CPU
		{FF1F51AB-C95D-4459-B1DB-FB5DE18FDC7E}.WebBuild|Mixed Platforms.Build.0 = Debug|Any CPU
		{FF1F51AB-C95D-4459-B1DB-FB5DE18FDC7E}.WebBuild|x64.ActiveCfg = Debug|Any CPU
		{FF1F51AB-C95D-4459-B1DB-FB5DE18FDC7E}.WebBuild|x64.Build.0 = Debug|Any CPU
		{FF1F51AB-C95D-4459-B1DB-FB5DE18FDC7E}.WebBuild|x86.ActiveCfg = Debug|Any CPU
		{FF1F51AB-C95D-4459-B1DB-FB5DE18FDC7E}.WebBuild|x86.Build.0 = Debug|Any CPU
		{822A08C4-151A-4777-AE3A-7F4265C1629F}.Debug|Any CPU.ActiveCfg = Debug|Any CPU
		{822A08C4-151A-4777-AE3A-7F4265C1629F}.Debug|Any CPU.Build.0 = Debug|Any CPU
		{822A08C4-151A-4777-AE3A-7F4265C1629F}.Debug|Mixed Platforms.ActiveCfg = Debug|Any CPU
		{822A08C4-151A-4777-AE3A-7F4265C1629F}.Debug|Mixed Platforms.Build.0 = Debug|Any CPU
		{822A08C4-151A-4777-AE3A-7F4265C1629F}.Debug|x64.ActiveCfg = Debug|Any CPU
		{822A08C4-151A-4777-AE3A-7F4265C1629F}.Debug|x64.Build.0 = Debug|Any CPU
		{822A08C4-151A-4777-AE3A-7F4265C1629F}.Debug|x86.ActiveCfg = Debug|Any CPU
		{822A08C4-151A-4777-AE3A-7F4265C1629F}.Debug|x86.Build.0 = Debug|Any CPU
		{822A08C4-151A-4777-AE3A-7F4265C1629F}.Release|Any CPU.ActiveCfg = Release|Any CPU
		{822A08C4-151A-4777-AE3A-7F4265C1629F}.Release|Any CPU.Build.0 = Release|Any CPU
		{822A08C4-151A-4777-AE3A-7F4265C1629F}.Release|Mixed Platforms.ActiveCfg = Release|Any CPU
		{822A08C4-151A-4777-AE3A-7F4265C1629F}.Release|Mixed Platforms.Build.0 = Release|Any CPU
		{822A08C4-151A-4777-AE3A-7F4265C1629F}.Release|x64.ActiveCfg = Release|Any CPU
		{822A08C4-151A-4777-AE3A-7F4265C1629F}.Release|x64.Build.0 = Release|Any CPU
		{822A08C4-151A-4777-AE3A-7F4265C1629F}.Release|x86.ActiveCfg = Release|Any CPU
		{822A08C4-151A-4777-AE3A-7F4265C1629F}.Release|x86.Build.0 = Release|Any CPU
		{822A08C4-151A-4777-AE3A-7F4265C1629F}.WebBuild|Any CPU.ActiveCfg = Debug|Any CPU
		{822A08C4-151A-4777-AE3A-7F4265C1629F}.WebBuild|Any CPU.Build.0 = Debug|Any CPU
		{822A08C4-151A-4777-AE3A-7F4265C1629F}.WebBuild|Mixed Platforms.ActiveCfg = Debug|Any CPU
		{822A08C4-151A-4777-AE3A-7F4265C1629F}.WebBuild|Mixed Platforms.Build.0 = Debug|Any CPU
		{822A08C4-151A-4777-AE3A-7F4265C1629F}.WebBuild|x64.ActiveCfg = Debug|Any CPU
		{822A08C4-151A-4777-AE3A-7F4265C1629F}.WebBuild|x64.Build.0 = Debug|Any CPU
		{822A08C4-151A-4777-AE3A-7F4265C1629F}.WebBuild|x86.ActiveCfg = Debug|Any CPU
		{822A08C4-151A-4777-AE3A-7F4265C1629F}.WebBuild|x86.Build.0 = Debug|Any CPU
		{5A4B33E0-C21D-4FF5-BA82-854B3D247396}.Debug|Any CPU.ActiveCfg = Debug|Any CPU
		{5A4B33E0-C21D-4FF5-BA82-854B3D247396}.Debug|Any CPU.Build.0 = Debug|Any CPU
		{5A4B33E0-C21D-4FF5-BA82-854B3D247396}.Debug|Mixed Platforms.ActiveCfg = Debug|Any CPU
		{5A4B33E0-C21D-4FF5-BA82-854B3D247396}.Debug|Mixed Platforms.Build.0 = Debug|Any CPU
		{5A4B33E0-C21D-4FF5-BA82-854B3D247396}.Debug|x64.ActiveCfg = Debug|Any CPU
		{5A4B33E0-C21D-4FF5-BA82-854B3D247396}.Debug|x64.Build.0 = Debug|Any CPU
		{5A4B33E0-C21D-4FF5-BA82-854B3D247396}.Debug|x86.ActiveCfg = Debug|Any CPU
		{5A4B33E0-C21D-4FF5-BA82-854B3D247396}.Debug|x86.Build.0 = Debug|Any CPU
		{5A4B33E0-C21D-4FF5-BA82-854B3D247396}.Release|Any CPU.ActiveCfg = Release|Any CPU
		{5A4B33E0-C21D-4FF5-BA82-854B3D247396}.Release|Any CPU.Build.0 = Release|Any CPU
		{5A4B33E0-C21D-4FF5-BA82-854B3D247396}.Release|Mixed Platforms.ActiveCfg = Release|Any CPU
		{5A4B33E0-C21D-4FF5-BA82-854B3D247396}.Release|Mixed Platforms.Build.0 = Release|Any CPU
		{5A4B33E0-C21D-4FF5-BA82-854B3D247396}.Release|x64.ActiveCfg = Release|Any CPU
		{5A4B33E0-C21D-4FF5-BA82-854B3D247396}.Release|x64.Build.0 = Release|Any CPU
		{5A4B33E0-C21D-4FF5-BA82-854B3D247396}.Release|x86.ActiveCfg = Release|Any CPU
		{5A4B33E0-C21D-4FF5-BA82-854B3D247396}.Release|x86.Build.0 = Release|Any CPU
		{5A4B33E0-C21D-4FF5-BA82-854B3D247396}.WebBuild|Any CPU.ActiveCfg = Debug|Any CPU
		{5A4B33E0-C21D-4FF5-BA82-854B3D247396}.WebBuild|Any CPU.Build.0 = Debug|Any CPU
		{5A4B33E0-C21D-4FF5-BA82-854B3D247396}.WebBuild|Mixed Platforms.ActiveCfg = Debug|Any CPU
		{5A4B33E0-C21D-4FF5-BA82-854B3D247396}.WebBuild|Mixed Platforms.Build.0 = Debug|Any CPU
		{5A4B33E0-C21D-4FF5-BA82-854B3D247396}.WebBuild|x64.ActiveCfg = Debug|Any CPU
		{5A4B33E0-C21D-4FF5-BA82-854B3D247396}.WebBuild|x64.Build.0 = Debug|Any CPU
		{5A4B33E0-C21D-4FF5-BA82-854B3D247396}.WebBuild|x86.ActiveCfg = Debug|Any CPU
		{5A4B33E0-C21D-4FF5-BA82-854B3D247396}.WebBuild|x86.Build.0 = Debug|Any CPU
		{02ED799D-06CC-4E16-A4BC-00E05985F9D0}.Debug|Any CPU.ActiveCfg = Debug|Any CPU
		{02ED799D-06CC-4E16-A4BC-00E05985F9D0}.Debug|Any CPU.Build.0 = Debug|Any CPU
		{02ED799D-06CC-4E16-A4BC-00E05985F9D0}.Debug|Mixed Platforms.ActiveCfg = Debug|Any CPU
		{02ED799D-06CC-4E16-A4BC-00E05985F9D0}.Debug|Mixed Platforms.Build.0 = Debug|Any CPU
		{02ED799D-06CC-4E16-A4BC-00E05985F9D0}.Debug|x64.ActiveCfg = Debug|Any CPU
		{02ED799D-06CC-4E16-A4BC-00E05985F9D0}.Debug|x64.Build.0 = Debug|Any CPU
		{02ED799D-06CC-4E16-A4BC-00E05985F9D0}.Debug|x86.ActiveCfg = Debug|Any CPU
		{02ED799D-06CC-4E16-A4BC-00E05985F9D0}.Debug|x86.Build.0 = Debug|Any CPU
		{02ED799D-06CC-4E16-A4BC-00E05985F9D0}.Release|Any CPU.ActiveCfg = Release|Any CPU
		{02ED799D-06CC-4E16-A4BC-00E05985F9D0}.Release|Any CPU.Build.0 = Release|Any CPU
		{02ED799D-06CC-4E16-A4BC-00E05985F9D0}.Release|Mixed Platforms.ActiveCfg = Release|Any CPU
		{02ED799D-06CC-4E16-A4BC-00E05985F9D0}.Release|Mixed Platforms.Build.0 = Release|Any CPU
		{02ED799D-06CC-4E16-A4BC-00E05985F9D0}.Release|x64.ActiveCfg = Release|Any CPU
		{02ED799D-06CC-4E16-A4BC-00E05985F9D0}.Release|x64.Build.0 = Release|Any CPU
		{02ED799D-06CC-4E16-A4BC-00E05985F9D0}.Release|x86.ActiveCfg = Release|Any CPU
		{02ED799D-06CC-4E16-A4BC-00E05985F9D0}.Release|x86.Build.0 = Release|Any CPU
		{02ED799D-06CC-4E16-A4BC-00E05985F9D0}.WebBuild|Any CPU.ActiveCfg = Debug|Any CPU
		{02ED799D-06CC-4E16-A4BC-00E05985F9D0}.WebBuild|Any CPU.Build.0 = Debug|Any CPU
		{02ED799D-06CC-4E16-A4BC-00E05985F9D0}.WebBuild|Mixed Platforms.ActiveCfg = Debug|Any CPU
		{02ED799D-06CC-4E16-A4BC-00E05985F9D0}.WebBuild|Mixed Platforms.Build.0 = Debug|Any CPU
		{02ED799D-06CC-4E16-A4BC-00E05985F9D0}.WebBuild|x64.ActiveCfg = Debug|Any CPU
		{02ED799D-06CC-4E16-A4BC-00E05985F9D0}.WebBuild|x64.Build.0 = Debug|Any CPU
		{02ED799D-06CC-4E16-A4BC-00E05985F9D0}.WebBuild|x86.ActiveCfg = Debug|Any CPU
		{02ED799D-06CC-4E16-A4BC-00E05985F9D0}.WebBuild|x86.Build.0 = Debug|Any CPU
		{A6E9DBFB-E880-44AD-8170-02D85729D016}.Debug|Any CPU.ActiveCfg = Debug|Any CPU
		{A6E9DBFB-E880-44AD-8170-02D85729D016}.Debug|Any CPU.Build.0 = Debug|Any CPU
		{A6E9DBFB-E880-44AD-8170-02D85729D016}.Debug|Mixed Platforms.ActiveCfg = Debug|Any CPU
		{A6E9DBFB-E880-44AD-8170-02D85729D016}.Debug|Mixed Platforms.Build.0 = Debug|Any CPU
		{A6E9DBFB-E880-44AD-8170-02D85729D016}.Debug|x64.ActiveCfg = Debug|Any CPU
		{A6E9DBFB-E880-44AD-8170-02D85729D016}.Debug|x64.Build.0 = Debug|Any CPU
		{A6E9DBFB-E880-44AD-8170-02D85729D016}.Debug|x86.ActiveCfg = Debug|Any CPU
		{A6E9DBFB-E880-44AD-8170-02D85729D016}.Debug|x86.Build.0 = Debug|Any CPU
		{A6E9DBFB-E880-44AD-8170-02D85729D016}.Release|Any CPU.ActiveCfg = Release|Any CPU
		{A6E9DBFB-E880-44AD-8170-02D85729D016}.Release|Any CPU.Build.0 = Release|Any CPU
		{A6E9DBFB-E880-44AD-8170-02D85729D016}.Release|Mixed Platforms.ActiveCfg = Release|Any CPU
		{A6E9DBFB-E880-44AD-8170-02D85729D016}.Release|Mixed Platforms.Build.0 = Release|Any CPU
		{A6E9DBFB-E880-44AD-8170-02D85729D016}.Release|x64.ActiveCfg = Release|Any CPU
		{A6E9DBFB-E880-44AD-8170-02D85729D016}.Release|x64.Build.0 = Release|Any CPU
		{A6E9DBFB-E880-44AD-8170-02D85729D016}.Release|x86.ActiveCfg = Release|Any CPU
		{A6E9DBFB-E880-44AD-8170-02D85729D016}.Release|x86.Build.0 = Release|Any CPU
		{A6E9DBFB-E880-44AD-8170-02D85729D016}.WebBuild|Any CPU.ActiveCfg = Debug|Any CPU
		{A6E9DBFB-E880-44AD-8170-02D85729D016}.WebBuild|Any CPU.Build.0 = Debug|Any CPU
		{A6E9DBFB-E880-44AD-8170-02D85729D016}.WebBuild|Mixed Platforms.ActiveCfg = Debug|Any CPU
		{A6E9DBFB-E880-44AD-8170-02D85729D016}.WebBuild|Mixed Platforms.Build.0 = Debug|Any CPU
		{A6E9DBFB-E880-44AD-8170-02D85729D016}.WebBuild|x64.ActiveCfg = Debug|Any CPU
		{A6E9DBFB-E880-44AD-8170-02D85729D016}.WebBuild|x64.Build.0 = Debug|Any CPU
		{A6E9DBFB-E880-44AD-8170-02D85729D016}.WebBuild|x86.ActiveCfg = Debug|Any CPU
		{A6E9DBFB-E880-44AD-8170-02D85729D016}.WebBuild|x86.Build.0 = Debug|Any CPU
		{E5A59969-880F-4F69-9B1A-478189B8028F}.Debug|Any CPU.ActiveCfg = Debug|Any CPU
		{E5A59969-880F-4F69-9B1A-478189B8028F}.Debug|Any CPU.Build.0 = Debug|Any CPU
		{E5A59969-880F-4F69-9B1A-478189B8028F}.Debug|Mixed Platforms.ActiveCfg = Debug|x64
		{E5A59969-880F-4F69-9B1A-478189B8028F}.Debug|Mixed Platforms.Build.0 = Debug|x64
		{E5A59969-880F-4F69-9B1A-478189B8028F}.Debug|x64.ActiveCfg = Debug|x64
		{E5A59969-880F-4F69-9B1A-478189B8028F}.Debug|x64.Build.0 = Debug|x64
		{E5A59969-880F-4F69-9B1A-478189B8028F}.Debug|x86.ActiveCfg = Debug|Any CPU
		{E5A59969-880F-4F69-9B1A-478189B8028F}.Debug|x86.Build.0 = Debug|Any CPU
		{E5A59969-880F-4F69-9B1A-478189B8028F}.Release|Any CPU.ActiveCfg = Release|Any CPU
		{E5A59969-880F-4F69-9B1A-478189B8028F}.Release|Any CPU.Build.0 = Release|Any CPU
		{E5A59969-880F-4F69-9B1A-478189B8028F}.Release|Mixed Platforms.ActiveCfg = Release|x64
		{E5A59969-880F-4F69-9B1A-478189B8028F}.Release|Mixed Platforms.Build.0 = Release|x64
		{E5A59969-880F-4F69-9B1A-478189B8028F}.Release|x64.ActiveCfg = Release|x64
		{E5A59969-880F-4F69-9B1A-478189B8028F}.Release|x64.Build.0 = Release|x64
		{E5A59969-880F-4F69-9B1A-478189B8028F}.Release|x86.ActiveCfg = Release|Any CPU
		{E5A59969-880F-4F69-9B1A-478189B8028F}.Release|x86.Build.0 = Release|Any CPU
		{E5A59969-880F-4F69-9B1A-478189B8028F}.WebBuild|Any CPU.ActiveCfg = Debug|Any CPU
		{E5A59969-880F-4F69-9B1A-478189B8028F}.WebBuild|Any CPU.Build.0 = Debug|Any CPU
		{E5A59969-880F-4F69-9B1A-478189B8028F}.WebBuild|Mixed Platforms.ActiveCfg = Debug|x64
		{E5A59969-880F-4F69-9B1A-478189B8028F}.WebBuild|Mixed Platforms.Build.0 = Debug|x64
		{E5A59969-880F-4F69-9B1A-478189B8028F}.WebBuild|x64.ActiveCfg = Debug|x64
		{E5A59969-880F-4F69-9B1A-478189B8028F}.WebBuild|x64.Build.0 = Debug|x64
		{E5A59969-880F-4F69-9B1A-478189B8028F}.WebBuild|x86.ActiveCfg = Debug|Any CPU
		{E5A59969-880F-4F69-9B1A-478189B8028F}.WebBuild|x86.Build.0 = Debug|Any CPU
	EndGlobalSection
	GlobalSection(SolutionProperties) = preSolution
		HideSolutionNode = FALSE
	EndGlobalSection
	GlobalSection(NestedProjects) = preSolution
		{B3057348-97F6-45E9-8B9F-5BC261F1070E} = {B8049A1C-D610-4B22-8774-83F83813A5DC}
		{EC93711B-248C-427A-A98A-8EC570E36312} = {36DD415B-BC21-4B6C-86F8-8F23A08FF37C}
		{DF4DFEDD-0F98-45DD-BE73-951FC014AAA5} = {BBD4F1C6-F410-489A-B7A2-BC04E2AE43D7}
		{FAC4CF79-1413-49DE-ADF7-71878CEA8CE9} = {DD5A2811-9BBB-471C-B5AB-CF7024A058E3}
		{C26F3A2D-1EEC-4567-9D1C-D8AE5834D83F} = {36DD415B-BC21-4B6C-86F8-8F23A08FF37C}
		{0C912539-7606-4822-8765-ABC87145248A} = {36DD415B-BC21-4B6C-86F8-8F23A08FF37C}
		{DC961A65-F217-4C17-8DEE-DEC452AD6BF1} = {36DD415B-BC21-4B6C-86F8-8F23A08FF37C}
		{362C0976-69A9-4E53-98C2-3A4A8028FD3B} = {36DD415B-BC21-4B6C-86F8-8F23A08FF37C}
		{50286B2D-5A0B-4F57-8CBB-7CC1C9A6C64F} = {BBD4F1C6-F410-489A-B7A2-BC04E2AE43D7}
		{AB8C2371-BB5C-42C5-8B59-EC6D40FC82B1} = {DD5A2811-9BBB-471C-B5AB-CF7024A058E3}
		{9FC900CA-99DA-467A-8497-4EB76A81FC6C} = {EC93711B-248C-427A-A98A-8EC570E36312}
		{42AB9ADC-93B5-40F1-B9EE-77CC2C606E7A} = {B8049A1C-D610-4B22-8774-83F83813A5DC}
		{6798574D-36F9-4DAA-859A-F531A0B17C0B} = {DD5A2811-9BBB-471C-B5AB-CF7024A058E3}
		{FE62B4E8-9278-4B6F-B0E9-67495D74CB22} = {BBD4F1C6-F410-489A-B7A2-BC04E2AE43D7}
		{18B45557-CDEA-4FD5-AEEC-95E4BAC5F6D0} = {27E4F19F-DA14-47DC-B18B-B8D04A9931EF}
		{6627EB2F-6AE1-4644-B60B-FC642A600477} = {B8049A1C-D610-4B22-8774-83F83813A5DC}
		{6F61D214-F298-4F19-B9F4-A07B7A436815} = {B8049A1C-D610-4B22-8774-83F83813A5DC}
		{B8ACF060-A76E-4FBF-8888-708C493A522D} = {B3057348-97F6-45E9-8B9F-5BC261F1070E}
		{FF1F51AB-C95D-4459-B1DB-FB5DE18FDC7E} = {36DD415B-BC21-4B6C-86F8-8F23A08FF37C}
		{822A08C4-151A-4777-AE3A-7F4265C1629F} = {B3057348-97F6-45E9-8B9F-5BC261F1070E}
		{5A4B33E0-C21D-4FF5-BA82-854B3D247396} = {42AB9ADC-93B5-40F1-B9EE-77CC2C606E7A}
		{02ED799D-06CC-4E16-A4BC-00E05985F9D0} = {42AB9ADC-93B5-40F1-B9EE-77CC2C606E7A}
		{A6E9DBFB-E880-44AD-8170-02D85729D016} = {B8049A1C-D610-4B22-8774-83F83813A5DC}
		{E5A59969-880F-4F69-9B1A-478189B8028F} = {27E4F19F-DA14-47DC-B18B-B8D04A9931EF}
	EndGlobalSection
	GlobalSection(ExtensibilityGlobals) = postSolution
		SolutionGuid = {C6FFEA64-0C71-4F4F-BCFF-EB7F8A86D5B6}
		VisualSVNWorkingCopyRoot = .
	EndGlobalSection
EndGlobal
