
Microsoft Visual Studio Solution File, Format Version 12.00
# Visual Studio 2012
Project("{FAE04EC0-301F-11D3-BF4B-00C04F79EFBC}") = "AdCreativeContentFormatter", "AdCreativeContentFormatter\AdCreativeContentFormatter.csproj", "{CEE9DC14-9FDD-4E2C-8562-AD001C89E0D1}"
EndProject
Project("{FAE04EC0-301F-11D3-BF4B-00C04F79EFBC}") = "TestURLS", "TestURLS\TestURLS.csproj", "{B09E5342-A696-4DA9-8DF3-F0F0765461D1}"
EndProject
Global
	GlobalSection(SolutionConfigurationPlatforms) = preSolution
		Debug|Any CPU = Debug|Any CPU
		Release|Any CPU = Release|Any CPU
	EndGlobalSection
	GlobalSection(ProjectConfigurationPlatforms) = postSolution
		{CEE9DC14-9FDD-4E2C-8562-AD001C89E0D1}.Debug|Any CPU.ActiveCfg = Debug|Any CPU
		{CEE9DC14-9FDD-4E2C-8562-AD001C89E0D1}.Debug|Any CPU.Build.0 = Debug|Any CPU
		{CEE9DC14-9FDD-4E2C-8562-AD001C89E0D1}.Release|Any CPU.ActiveCfg = Release|Any CPU
		{CEE9DC14-9FDD-4E2C-8562-AD001C89E0D1}.Release|Any CPU.Build.0 = Release|Any CPU
		{B09E5342-A696-4DA9-8DF3-F0F0765461D1}.Debug|Any CPU.ActiveCfg = Debug|Any CPU
		{B09E5342-A696-4DA9-8DF3-F0F0765461D1}.Debug|Any CPU.Build.0 = Debug|Any CPU
		{B09E5342-A696-4DA9-8DF3-F0F0765461D1}.Release|Any CPU.ActiveCfg = Release|Any CPU
		{B09E5342-A696-4DA9-8DF3-F0F0765461D1}.Release|Any CPU.Build.0 = Release|Any CPU
	EndGlobalSection
	GlobalSection(SolutionProperties) = preSolution
		HideSolutionNode = FALSE
	EndGlobalSection
EndGlobal
